
Microsoft Visual Studio Solution File, Format Version 12.00
# Visual Studio Version 16
VisualStudioVersion = 16.0.29905.134
MinimumVisualStudioVersion = 10.0.40219.1
Project("{FAE04EC0-301F-11D3-BF4B-00C04F79EFBC}") = "TRMDataManager", "TRMDataManager\TRMDataManager.csproj", "{2776EE93-A5CF-4566-8E61-4CF1B4987122}"
EndProject
Global
	GlobalSection(SolutionConfigurationPlatforms) = preSolution
		Debug|Any CPU = Debug|Any CPU
		Release|Any CPU = Release|Any CPU
	EndGlobalSection
	GlobalSection(ProjectConfigurationPlatforms) = postSolution
		{2776EE93-A5CF-4566-8E61-4CF1B4987122}.Debug|Any CPU.ActiveCfg = Debug|Any CPU
		{2776EE93-A5CF-4566-8E61-4CF1B4987122}.Debug|Any CPU.Build.0 = Debug|Any CPU
		{2776EE93-A5CF-4566-8E61-4CF1B4987122}.Release|Any CPU.ActiveCfg = Release|Any CPU
		{2776EE93-A5CF-4566-8E61-4CF1B4987122}.Release|Any CPU.Build.0 = Release|Any CPU
	EndGlobalSection
	GlobalSection(SolutionProperties) = preSolution
		HideSolutionNode = FALSE
	EndGlobalSection
	GlobalSection(ExtensibilityGlobals) = postSolution
		SolutionGuid = {8BC72808-C01E-4D1D-9C58-57D20F3545A7}
	EndGlobalSection
EndGlobal
